<?xml version="1.0" encoding="utf-8"?>
<Project ToolsVersion="4.0" xmlns="http://schemas.microsoft.com/developer/msbuild/2003">
  <ItemGroup>
    <Filter Include="Source Files">
      <UniqueIdentifier>{4FC737F1-C7A5-4376-A066-2A32D752A2FF}</UniqueIdentifier>
      <Extensions>cpp;c;cc;cxx;c++;cppm;ixx;def;odl;idl;hpj;bat;asm;asmx</Extensions>
    </Filter>
    <Filter Include="Header Files">
      <UniqueIdentifier>{93995380-89BD-4b04-88EB-625FBE52EBFB}</UniqueIdentifier>
      <Extensions>h;hh;hpp;hxx;h++;hm;inl;inc;ipp;xsd</Extensions>
    </Filter>
    <Filter Include="Resource Files">
      <UniqueIdentifier>{67DA6AB6-F800-4c08-8B7A-83BB121AAD01}</UniqueIdentifier>
      <Extensions>rc;ico;cur;bmp;dlg;rc2;rct;bin;rgs;gif;jpg;jpeg;jpe;resx;tiff;tif;png;wav;mfcribbon-ms</Extensions>
    </Filter>
    <Filter Include="Header Files\include">
      <UniqueIdentifier>{7dcab733-6b4e-4a13-9dae-ef0c79970435}</UniqueIdentifier>
    </Filter>
    <Filter Include="Header Files\include\cinternal">
      <UniqueIdentifier>{d7f43aaa-cb20-42b1-8ac2-bf7f7c26ab5a}</UniqueIdentifier>
    </Filter>
    <Filter Include="files">
      <UniqueIdentifier>{69439de2-8090-4624-badd-103ae089e29b}</UniqueIdentifier>
    </Filter>
  </ItemGroup>
  <ItemGroup>
    <ClCompile Include="..\..\..\src\tests\main_any_quick_test.c">
      <Filter>Source Files</Filter>
    </ClCompile>
  </ItemGroup>
  <ItemGroup>
    <ClInclude Include="..\..\..\include\cinternal\bistateflags.h">
      <Filter>Header Files\include\cinternal</Filter>
    </ClInclude>
    <ClInclude Include="..\..\..\include\cinternal\c_raii.h">
      <Filter>Header Files\include\cinternal</Filter>
    </ClInclude>
    <ClInclude Include="..\..\..\include\cinternal\c_raii_ext.h">
      <Filter>Header Files\include\cinternal</Filter>
    </ClInclude>
    <ClInclude Include="..\..\..\include\cinternal\disable_compiler_warnings.h">
      <Filter>Header Files\include\cinternal</Filter>
    </ClInclude>
    <ClInclude Include="..\..\..\include\cinternal\endian.h">
      <Filter>Header Files\include\cinternal</Filter>
    </ClInclude>
    <ClInclude Include="..\..\..\include\cinternal\fourstateflags.h">
      <Filter>Header Files\include\cinternal</Filter>
    </ClInclude>
    <ClInclude Include="..\..\..\include\cinternal\insert_info_to_bin.h">
      <Filter>Header Files\include\cinternal</Filter>
    </ClInclude>
    <ClInclude Include="..\..\..\include\cinternal\internal_header.h">
      <Filter>Header Files\include\cinternal</Filter>
    </ClInclude>
    <ClInclude Include="..\..\..\include\cinternal\macroses.h">
      <Filter>Header Files\include\cinternal</Filter>
    </ClInclude>
    <ClInclude Include="..\..\..\include\cinternal\macroses02.h">
      <Filter>Header Files\include\cinternal</Filter>
    </ClInclude>
    <ClInclude Include="..\..\..\include\cinternal\thread_local_sys.h">
      <Filter>Header Files\include\cinternal</Filter>
    </ClInclude>
    <ClInclude Include="..\..\..\include\cinternal\undisable_compiler_warnings.h">
      <Filter>Header Files\include\cinternal</Filter>
    </ClInclude>
    <ClInclude Include="..\..\..\include\cinternal\sync_barrier.h">
      <Filter>Header Files\include\cinternal</Filter>
    </ClInclude>
    <ClInclude Include="..\..\..\include\cinternal\lw_mutex_recursive.h">
      <Filter>Header Files\include\cinternal</Filter>
    </ClInclude>
    <ClInclude Include="..\..\..\include\cinternal\unnamed_semaphore.h">
      <Filter>Header Files\include\cinternal</Filter>
    </ClInclude>
    <ClInclude Include="..\..\..\include\cinternal\threading.h">
      <Filter>Header Files\include\cinternal</Filter>
    </ClInclude>
  </ItemGroup>
  <ItemGroup>
    <None Include="..\any_quick_test_mkfl\any_quick_test.unix.Makefile">
      <Filter>files</Filter>
    </None>
    <None Include="..\any_quick_test_qt\any_quick_test.pro">
      <Filter>files</Filter>
    </None>
  </ItemGroup>
</Project>