<?xml version="1.0" encoding="utf-8"?>
<Project ToolsVersion="4.0" xmlns="http://schemas.microsoft.com/developer/msbuild/2003">
  <ItemGroup>
    <Filter Include="Source Files">
      <UniqueIdentifier>{4FC737F1-C7A5-4376-A066-2A32D752A2FF}</UniqueIdentifier>
      <Extensions>cpp;c;cc;cxx;c++;cppm;ixx;def;odl;idl;hpj;bat;asm;asmx</Extensions>
    </Filter>
    <Filter Include="Header Files">
      <UniqueIdentifier>{93995380-89BD-4b04-88EB-625FBE52EBFB}</UniqueIdentifier>
      <Extensions>h;hh;hpp;hxx;h++;hm;inl;inc;ipp;xsd</Extensions>
    </Filter>
    <Filter Include="Resource Files">
      <UniqueIdentifier>{67DA6AB6-F800-4c08-8B7A-83BB121AAD01}</UniqueIdentifier>
      <Extensions>rc;ico;cur;bmp;dlg;rc2;rct;bin;rgs;gif;jpg;jpeg;jpe;resx;tiff;tif;png;wav;mfcribbon-ms</Extensions>
    </Filter>
    <Filter Include="files">
      <UniqueIdentifier>{69439de2-8090-4624-badd-103ae089e29b}</UniqueIdentifier>
    </Filter>
    <Filter Include="Header Files\include">
      <UniqueIdentifier>{d2091170-2b5d-4ee9-94b0-457efa39a71a}</UniqueIdentifier>
    </Filter>
    <Filter Include="Header Files\include\cinternal">
      <UniqueIdentifier>{5feca5ad-2d44-4641-967a-297bbbb16be8}</UniqueIdentifier>
    </Filter>
  </ItemGroup>
  <ItemGroup>
    <ClCompile Include="..\..\..\src\tests\main_any_quick_test.cpp">
      <Filter>Source Files</Filter>
    </ClCompile>
    <ClCompile Include="..\..\..\src\core\cinternal_core_hash.c">
      <Filter>Source Files</Filter>
    </ClCompile>
    <ClCompile Include="..\..\..\src\core\cinternal_core_unit_test_checks.c">
      <Filter>Source Files</Filter>
    </ClCompile>
    <ClCompile Include="..\..\..\src\core\cinternal_core_logger.c">
      <Filter>Source Files</Filter>
    </ClCompile>
    <ClCompile Include="..\..\..\src\core\cinternal_core_typeinfo.c">
      <Filter>Source Files</Filter>
    </ClCompile>
  </ItemGroup>
  <ItemGroup>
    <None Include="..\any_quick_test_mkfl\any_quick_test.unix.Makefile">
      <Filter>files</Filter>
    </None>
    <None Include="..\any_quick_test_qt\any_quick_test.pro">
      <Filter>files</Filter>
    </None>
  </ItemGroup>
  <ItemGroup>
    <ClInclude Include="..\..\..\include\cinternal\hash.h">
      <Filter>Header Files\include\cinternal</Filter>
    </ClInclude>
    <ClInclude Include="..\..\..\include\cinternal\rwlock.h">
      <Filter>Header Files\include\cinternal</Filter>
    </ClInclude>
    <ClInclude Include="..\..\..\include\cinternal\logger.h">
      <Filter>Header Files\include\cinternal</Filter>
    </ClInclude>
    <ClInclude Include="..\..\..\include\cinternal\thread_local_sys.h">
      <Filter>Header Files\include\cinternal</Filter>
    </ClInclude>
    <ClInclude Include="..\..\..\include\cinternal\wrapper.h">
      <Filter>Header Files\include\cinternal</Filter>
    </ClInclude>
    <ClInclude Include="..\..\..\include\cinternal\macroses.h">
      <Filter>Header Files\include\cinternal</Filter>
    </ClInclude>
    <ClInclude Include="..\..\..\include\cinternal\macroses_base.h">
      <Filter>Header Files\include\cinternal</Filter>
    </ClInclude>
    <ClInclude Include="..\..\..\include\cinternal\macroses_variadic.h">
      <Filter>Header Files\include\cinternal</Filter>
    </ClInclude>
    <ClInclude Include="..\..\..\include\cinternal\typeinfo.h">
      <Filter>Header Files\include\cinternal</Filter>
    </ClInclude>
  </ItemGroup>
</Project>